// !$*UTF8*$!
{
	archiveVersion = 1;
	classes = {
	};
	objectVersion = 46;
	objects = {

/* Begin PBXBuildFile section */
		68C4D9C21A2E6F3200F206E1 /* NixQuestGame.m in Sources */ = {isa = PBXBuildFile; fileRef = 68C4D9C11A2E6F3200F206E1 /* NixQuestGame.m */; };
		68F2E8361A2E5F7400D02114 /* main.m in Sources */ = {isa = PBXBuildFile; fileRef = 68F2E8351A2E5F7400D02114 /* main.m */; };
		68F2E8391A2E5F7400D02114 /* AppDelegate.m in Sources */ = {isa = PBXBuildFile; fileRef = 68F2E8381A2E5F7400D02114 /* AppDelegate.m */; };
		68F2E83C1A2E5F7400D02114 /* NixQuest.xcdatamodeld in Sources */ = {isa = PBXBuildFile; fileRef = 68F2E83A1A2E5F7400D02114 /* NixQuest.xcdatamodeld */; };
		68F2E83F1A2E5F7400D02114 /* ViewController.m in Sources */ = {isa = PBXBuildFile; fileRef = 68F2E83E1A2E5F7400D02114 /* ViewController.m */; };
		68F2E8421A2E5F7400D02114 /* Main.storyboard in Resources */ = {isa = PBXBuildFile; fileRef = 68F2E8401A2E5F7400D02114 /* Main.storyboard */; };
		68F2E8441A2E5F7400D02114 /* Images.xcassets in Resources */ = {isa = PBXBuildFile; fileRef = 68F2E8431A2E5F7400D02114 /* Images.xcassets */; };
		68F2E8471A2E5F7400D02114 /* LaunchScreen.xib in Resources */ = {isa = PBXBuildFile; fileRef = 68F2E8451A2E5F7400D02114 /* LaunchScreen.xib */; };
		68F2E8531A2E5F7400D02114 /* NixQuestTests.m in Sources */ = {isa = PBXBuildFile; fileRef = 68F2E8521A2E5F7400D02114 /* NixQuestTests.m */; };
		FA46CF5A1A820CDC00F66C68 /* Inventory.m in Sources */ = {isa = PBXBuildFile; fileRef = FA46CF591A820CDC00F66C68 /* Inventory.m */; };
		FA46CF5D1A8210EE00F66C68 /* Bezants.m in Sources */ = {isa = PBXBuildFile; fileRef = FA46CF5C1A8210EE00F66C68 /* Bezants.m */; };
		FA6E8CD51A4CAC2B00CBA698 /* Pistol.m in Sources */ = {isa = PBXBuildFile; fileRef = FA6E8CD41A4CAC2B00CBA698 /* Pistol.m */; };
		FADECCA71A4948A000794235 /* inventoryManager.m in Sources */ = {isa = PBXBuildFile; fileRef = FADECCA61A4948A000794235 /* inventoryManager.m */; };
/* End PBXBuildFile section */

/* Begin PBXContainerItemProxy section */
		68F2E84D1A2E5F7400D02114 /* PBXContainerItemProxy */ = {
			isa = PBXContainerItemProxy;
			containerPortal = 68F2E8281A2E5F7300D02114 /* Project object */;
			proxyType = 1;
			remoteGlobalIDString = 68F2E82F1A2E5F7300D02114;
			remoteInfo = NixQuest;
		};
/* End PBXContainerItemProxy section */

/* Begin PBXFileReference section */
		68C4D9C01A2E6F3200F206E1 /* NixQuestGame.h */ = {isa = PBXFileReference; fileEncoding = 4; lastKnownFileType = sourcecode.c.h; name = NixQuestGame.h; path = Model/NixQuestGame.h; sourceTree = "<group>"; };
		68C4D9C11A2E6F3200F206E1 /* NixQuestGame.m */ = {isa = PBXFileReference; fileEncoding = 4; lastKnownFileType = sourcecode.c.objc; name = NixQuestGame.m; path = Model/NixQuestGame.m; sourceTree = "<group>"; };
		68F2E8301A2E5F7400D02114 /* NixQuest.app */ = {isa = PBXFileReference; explicitFileType = wrapper.application; includeInIndex = 0; path = NixQuest.app; sourceTree = BUILT_PRODUCTS_DIR; };
		68F2E8341A2E5F7400D02114 /* Info.plist */ = {isa = PBXFileReference; lastKnownFileType = text.plist.xml; path = Info.plist; sourceTree = "<group>"; };
		68F2E8351A2E5F7400D02114 /* main.m */ = {isa = PBXFileReference; lastKnownFileType = sourcecode.c.objc; path = main.m; sourceTree = "<group>"; };
		68F2E8371A2E5F7400D02114 /* AppDelegate.h */ = {isa = PBXFileReference; lastKnownFileType = sourcecode.c.h; path = AppDelegate.h; sourceTree = "<group>"; };
		68F2E8381A2E5F7400D02114 /* AppDelegate.m */ = {isa = PBXFileReference; lastKnownFileType = sourcecode.c.objc; path = AppDelegate.m; sourceTree = "<group>"; };
		68F2E83B1A2E5F7400D02114 /* NixQuest.xcdatamodel */ = {isa = PBXFileReference; lastKnownFileType = wrapper.xcdatamodel; path = NixQuest.xcdatamodel; sourceTree = "<group>"; };
		68F2E83D1A2E5F7400D02114 /* ViewController.h */ = {isa = PBXFileReference; lastKnownFileType = sourcecode.c.h; path = ViewController.h; sourceTree = "<group>"; };
		68F2E83E1A2E5F7400D02114 /* ViewController.m */ = {isa = PBXFileReference; lastKnownFileType = sourcecode.c.objc; path = ViewController.m; sourceTree = "<group>"; };
		68F2E8411A2E5F7400D02114 /* Base */ = {isa = PBXFileReference; lastKnownFileType = file.storyboard; name = Base; path = Base.lproj/Main.storyboard; sourceTree = "<group>"; };
		68F2E8431A2E5F7400D02114 /* Images.xcassets */ = {isa = PBXFileReference; lastKnownFileType = folder.assetcatalog; path = Images.xcassets; sourceTree = "<group>"; };
		68F2E8461A2E5F7400D02114 /* Base */ = {isa = PBXFileReference; lastKnownFileType = file.xib; name = Base; path = Base.lproj/LaunchScreen.xib; sourceTree = "<group>"; };
		68F2E84C1A2E5F7400D02114 /* NixQuestTests.xctest */ = {isa = PBXFileReference; explicitFileType = wrapper.cfbundle; includeInIndex = 0; path = NixQuestTests.xctest; sourceTree = BUILT_PRODUCTS_DIR; };
		68F2E8511A2E5F7400D02114 /* Info.plist */ = {isa = PBXFileReference; lastKnownFileType = text.plist.xml; path = Info.plist; sourceTree = "<group>"; };
		68F2E8521A2E5F7400D02114 /* NixQuestTests.m */ = {isa = PBXFileReference; lastKnownFileType = sourcecode.c.objc; path = NixQuestTests.m; sourceTree = "<group>"; };
		FA46CF581A820CDC00F66C68 /* Inventory.h */ = {isa = PBXFileReference; fileEncoding = 4; lastKnownFileType = sourcecode.c.h; name = Inventory.h; path = ../Inventory.h; sourceTree = "<group>"; };
		FA46CF591A820CDC00F66C68 /* Inventory.m */ = {isa = PBXFileReference; fileEncoding = 4; lastKnownFileType = sourcecode.c.objc; name = Inventory.m; path = ../Inventory.m; sourceTree = "<group>"; };
		FA46CF5B1A8210EE00F66C68 /* Bezants.h */ = {isa = PBXFileReference; fileEncoding = 4; lastKnownFileType = sourcecode.c.h; path = Bezants.h; sourceTree = "<group>"; };
		FA46CF5C1A8210EE00F66C68 /* Bezants.m */ = {isa = PBXFileReference; fileEncoding = 4; lastKnownFileType = sourcecode.c.objc; path = Bezants.m; sourceTree = "<group>"; };
		FA6E8CD31A4CAC2B00CBA698 /* Pistol.h */ = {isa = PBXFileReference; fileEncoding = 4; lastKnownFileType = sourcecode.c.h; name = Pistol.h; path = Model/Pistol.h; sourceTree = "<group>"; };
		FA6E8CD41A4CAC2B00CBA698 /* Pistol.m */ = {isa = PBXFileReference; fileEncoding = 4; lastKnownFileType = sourcecode.c.objc; name = Pistol.m; path = Model/Pistol.m; sourceTree = "<group>"; };
		FADECCA51A4948A000794235 /* inventoryManager.h */ = {isa = PBXFileReference; fileEncoding = 4; lastKnownFileType = sourcecode.c.h; name = inventoryManager.h; path = Model/inventoryManager.h; sourceTree = "<group>"; };
		FADECCA61A4948A000794235 /* inventoryManager.m */ = {isa = PBXFileReference; fileEncoding = 4; lastKnownFileType = sourcecode.c.objc; name = inventoryManager.m; path = Model/inventoryManager.m; sourceTree = "<group>"; };
/* End PBXFileReference section */

/* Begin PBXFrameworksBuildPhase section */
		68F2E82D1A2E5F7300D02114 /* Frameworks */ = {
			isa = PBXFrameworksBuildPhase;
			buildActionMask = 2147483647;
			files = (
			);
			runOnlyForDeploymentPostprocessing = 0;
		};
		68F2E8491A2E5F7400D02114 /* Frameworks */ = {
			isa = PBXFrameworksBuildPhase;
			buildActionMask = 2147483647;
			files = (
			);
			runOnlyForDeploymentPostprocessing = 0;
		};
/* End PBXFrameworksBuildPhase section */

/* Begin PBXGroup section */
		68C4D9C31A2E6F3900F206E1 /* Model */ = {
			isa = PBXGroup;
			children = (
				68F2E8351A2E5F7400D02114 /* main.m */,
				68C4D9C01A2E6F3200F206E1 /* NixQuestGame.h */,
				68C4D9C11A2E6F3200F206E1 /* NixQuestGame.m */,
				FADECCA51A4948A000794235 /* inventoryManager.h */,
				FADECCA61A4948A000794235 /* inventoryManager.m */,
				FA6E8CD31A4CAC2B00CBA698 /* Pistol.h */,
				FA6E8CD41A4CAC2B00CBA698 /* Pistol.m */,
				FA46CF581A820CDC00F66C68 /* Inventory.h */,
				FA46CF591A820CDC00F66C68 /* Inventory.m */,
				FA46CF5B1A8210EE00F66C68 /* Bezants.h */,
				FA46CF5C1A8210EE00F66C68 /* Bezants.m */,
			);
			name = Model;
			sourceTree = "<group>";
		};
		68F2E8271A2E5F7300D02114 = {
			isa = PBXGroup;
			children = (
				68F2E8321A2E5F7400D02114 /* NixQuest */,
				68F2E84F1A2E5F7400D02114 /* NixQuestTests */,
				68F2E8311A2E5F7400D02114 /* Products */,
			);
			sourceTree = "<group>";
		};
		68F2E8311A2E5F7400D02114 /* Products */ = {
			isa = PBXGroup;
			children = (
				68F2E8301A2E5F7400D02114 /* NixQuest.app */,
				68F2E84C1A2E5F7400D02114 /* NixQuestTests.xctest */,
			);
			name = Products;
			sourceTree = "<group>";
		};
		68F2E8321A2E5F7400D02114 /* NixQuest */ = {
			isa = PBXGroup;
			children = (
				68F2E83D1A2E5F7400D02114 /* ViewController.h */,
				68F2E83E1A2E5F7400D02114 /* ViewController.m */,
				68F2E8401A2E5F7400D02114 /* Main.storyboard */,
				68F2E8431A2E5F7400D02114 /* Images.xcassets */,
				68F2E8451A2E5F7400D02114 /* LaunchScreen.xib */,
				68F2E83A1A2E5F7400D02114 /* NixQuest.xcdatamodeld */,
				68C4D9C31A2E6F3900F206E1 /* Model */,
				68F2E8331A2E5F7400D02114 /* Supporting Files */,
			);
			path = NixQuest;
			sourceTree = "<group>";
		};
		68F2E8331A2E5F7400D02114 /* Supporting Files */ = {
			isa = PBXGroup;
			children = (
				68F2E8371A2E5F7400D02114 /* AppDelegate.h */,
				68F2E8381A2E5F7400D02114 /* AppDelegate.m */,
				68F2E8341A2E5F7400D02114 /* Info.plist */,
			);
			name = "Supporting Files";
			sourceTree = "<group>";
		};
		68F2E84F1A2E5F7400D02114 /* NixQuestTests */ = {
			isa = PBXGroup;
			children = (
				68F2E8521A2E5F7400D02114 /* NixQuestTests.m */,
				68F2E8501A2E5F7400D02114 /* Supporting Files */,
			);
			path = NixQuestTests;
			sourceTree = "<group>";
		};
		68F2E8501A2E5F7400D02114 /* Supporting Files */ = {
			isa = PBXGroup;
			children = (
				68F2E8511A2E5F7400D02114 /* Info.plist */,
			);
			name = "Supporting Files";
			sourceTree = "<group>";
		};
/* End PBXGroup section */

/* Begin PBXNativeTarget section */
		68F2E82F1A2E5F7300D02114 /* NixQuest */ = {
			isa = PBXNativeTarget;
			buildConfigurationList = 68F2E8561A2E5F7400D02114 /* Build configuration list for PBXNativeTarget "NixQuest" */;
			buildPhases = (
				68F2E82C1A2E5F7300D02114 /* Sources */,
				68F2E82D1A2E5F7300D02114 /* Frameworks */,
				68F2E82E1A2E5F7300D02114 /* Resources */,
			);
			buildRules = (
			);
			dependencies = (
			);
			name = NixQuest;
			productName = NixQuest;
			productReference = 68F2E8301A2E5F7400D02114 /* NixQuest.app */;
			productType = "com.apple.product-type.application";
		};
		68F2E84B1A2E5F7400D02114 /* NixQuestTests */ = {
			isa = PBXNativeTarget;
			buildConfigurationList = 68F2E8591A2E5F7400D02114 /* Build configuration list for PBXNativeTarget "NixQuestTests" */;
			buildPhases = (
				68F2E8481A2E5F7400D02114 /* Sources */,
				68F2E8491A2E5F7400D02114 /* Frameworks */,
				68F2E84A1A2E5F7400D02114 /* Resources */,
			);
			buildRules = (
			);
			dependencies = (
				68F2E84E1A2E5F7400D02114 /* PBXTargetDependency */,
			);
			name = NixQuestTests;
			productName = NixQuestTests;
			productReference = 68F2E84C1A2E5F7400D02114 /* NixQuestTests.xctest */;
			productType = "com.apple.product-type.bundle.unit-test";
		};
/* End PBXNativeTarget section */

/* Begin PBXProject section */
		68F2E8281A2E5F7300D02114 /* Project object */ = {
			isa = PBXProject;
			attributes = {
				LastUpgradeCheck = 0610;
				ORGANIZATIONNAME = "Aislin Software and Design";
				TargetAttributes = {
					68F2E82F1A2E5F7300D02114 = {
						CreatedOnToolsVersion = 6.1;
					};
					68F2E84B1A2E5F7400D02114 = {
						CreatedOnToolsVersion = 6.1;
						TestTargetID = 68F2E82F1A2E5F7300D02114;
					};
				};
			};
			buildConfigurationList = 68F2E82B1A2E5F7300D02114 /* Build configuration list for PBXProject "NixQuest" */;
			compatibilityVersion = "Xcode 3.2";
			developmentRegion = English;
			hasScannedForEncodings = 0;
			knownRegions = (
				en,
				Base,
			);
			mainGroup = 68F2E8271A2E5F7300D02114;
			productRefGroup = 68F2E8311A2E5F7400D02114 /* Products */;
			projectDirPath = "";
			projectRoot = "";
			targets = (
				68F2E82F1A2E5F7300D02114 /* NixQuest */,
				68F2E84B1A2E5F7400D02114 /* NixQuestTests */,
			);
		};
/* End PBXProject section */

/* Begin PBXResourcesBuildPhase section */
		68F2E82E1A2E5F7300D02114 /* Resources */ = {
			isa = PBXResourcesBuildPhase;
			buildActionMask = 2147483647;
			files = (
				68F2E8421A2E5F7400D02114 /* Main.storyboard in Resources */,
				68F2E8471A2E5F7400D02114 /* LaunchScreen.xib in Resources */,
				68F2E8441A2E5F7400D02114 /* Images.xcassets in Resources */,
			);
			runOnlyForDeploymentPostprocessing = 0;
		};
		68F2E84A1A2E5F7400D02114 /* Resources */ = {
			isa = PBXResourcesBuildPhase;
			buildActionMask = 2147483647;
			files = (
			);
			runOnlyForDeploymentPostprocessing = 0;
		};
/* End PBXResourcesBuildPhase section */

/* Begin PBXSourcesBuildPhase section */
		68F2E82C1A2E5F7300D02114 /* Sources */ = {
			isa = PBXSourcesBuildPhase;
			buildActionMask = 2147483647;
			files = (
				FADECCA71A4948A000794235 /* inventoryManager.m in Sources */,
				FA6E8CD51A4CAC2B00CBA698 /* Pistol.m in Sources */,
				68F2E83C1A2E5F7400D02114 /* NixQuest.xcdatamodeld in Sources */,
				68C4D9C21A2E6F3200F206E1 /* NixQuestGame.m in Sources */,
				FA46CF5A1A820CDC00F66C68 /* Inventory.m in Sources */,
				FA46CF5D1A8210EE00F66C68 /* Bezants.m in Sources */,
				68F2E8391A2E5F7400D02114 /* AppDelegate.m in Sources */,
				68F2E83F1A2E5F7400D02114 /* ViewController.m in Sources */,
				68F2E8361A2E5F7400D02114 /* main.m in Sources */,
			);
			runOnlyForDeploymentPostprocessing = 0;
		};
		68F2E8481A2E5F7400D02114 /* Sources */ = {
			isa = PBXSourcesBuildPhase;
			buildActionMask = 2147483647;
			files = (
				68F2E8531A2E5F7400D02114 /* NixQuestTests.m in Sources */,
			);
			runOnlyForDeploymentPostprocessing = 0;
		};
/* End PBXSourcesBuildPhase section */

/* Begin PBXTargetDependency section */
		68F2E84E1A2E5F7400D02114 /* PBXTargetDependency */ = {
			isa = PBXTargetDependency;
			target = 68F2E82F1A2E5F7300D02114 /* NixQuest */;
			targetProxy = 68F2E84D1A2E5F7400D02114 /* PBXContainerItemProxy */;
		};
/* End PBXTargetDependency section */

/* Begin PBXVariantGroup section */
		68F2E8401A2E5F7400D02114 /* Main.storyboard */ = {
			isa = PBXVariantGroup;
			children = (
				68F2E8411A2E5F7400D02114 /* Base */,
			);
			name = Main.storyboard;
			sourceTree = "<group>";
		};
		68F2E8451A2E5F7400D02114 /* LaunchScreen.xib */ = {
			isa = PBXVariantGroup;
			children = (
				68F2E8461A2E5F7400D02114 /* Base */,
			);
			name = LaunchScreen.xib;
			sourceTree = "<group>";
		};
/* End PBXVariantGroup section */

/* Begin XCBuildConfiguration section */
		68F2E8541A2E5F7400D02114 /* Debug */ = {
			isa = XCBuildConfiguration;
			buildSettings = {
				ALWAYS_SEARCH_USER_PATHS = NO;
				CLANG_CXX_LANGUAGE_STANDARD = "gnu++0x";
				CLANG_CXX_LIBRARY = "libc++";
				CLANG_ENABLE_MODULES = YES;
				CLANG_ENABLE_OBJC_ARC = YES;
				CLANG_WARN_BOOL_CONVERSION = YES;
				CLANG_WARN_CONSTANT_CONVERSION = YES;
				CLANG_WARN_DIRECT_OBJC_ISA_USAGE = YES_ERROR;
				CLANG_WARN_EMPTY_BODY = YES;
				CLANG_WARN_ENUM_CONVERSION = YES;
				CLANG_WARN_INT_CONVERSION = YES;
				CLANG_WARN_OBJC_ROOT_CLASS = YES_ERROR;
				CLANG_WARN_UNREACHABLE_CODE = YES;
				CLANG_WARN__DUPLICATE_METHOD_MATCH = YES;
				"CODE_SIGN_IDENTITY[sdk=iphoneos*]" = "iPhone Developer";
				COPY_PHASE_STRIP = NO;
				ENABLE_STRICT_OBJC_MSGSEND = YES;
				GCC_C_LANGUAGE_STANDARD = gnu99;
				GCC_DYNAMIC_NO_PIC = NO;
				GCC_OPTIMIZATION_LEVEL = 0;
				GCC_PREPROCESSOR_DEFINITIONS = (
					"DEBUG=1",
					"$(inherited)",
				);
				GCC_SYMBOLS_PRIVATE_EXTERN = NO;
				GCC_WARN_64_TO_32_BIT_CONVERSION = YES;
				GCC_WARN_ABOUT_RETURN_TYPE = YES_ERROR;
				GCC_WARN_UNDECLARED_SELECTOR = YES;
				GCC_WARN_UNINITIALIZED_AUTOS = YES_AGGRESSIVE;
				GCC_WARN_UNUSED_FUNCTION = YES;
				GCC_WARN_UNUSED_VARIABLE = YES;
				IPHONEOS_DEPLOYMENT_TARGET = 8.1;
				MTL_ENABLE_DEBUG_INFO = YES;
				ONLY_ACTIVE_ARCH = YES;
				SDKROOT = iphoneos;
			};
			name = Debug;
		};
		68F2E8551A2E5F7400D02114 /* Release */ = {
			isa = XCBuildConfiguration;
			buildSettings = {
				ALWAYS_SEARCH_USER_PATHS = NO;
				CLANG_CXX_LANGUAGE_STANDARD = "gnu++0x";
				CLANG_CXX_LIBRARY = "libc++";
				CLANG_ENABLE_MODULES = YES;
				CLANG_ENABLE_OBJC_ARC = YES;
				CLANG_WARN_BOOL_CONVERSION = YES;
				CLANG_WARN_CONSTANT_CONVERSION = YES;
				CLANG_WARN_DIRECT_OBJC_ISA_USAGE = YES_ERROR;
				CLANG_WARN_EMPTY_BODY = YES;
				CLANG_WARN_ENUM_CONVERSION = YES;
				CLANG_WARN_INT_CONVERSION = YES;
				CLANG_WARN_OBJC_ROOT_CLASS = YES_ERROR;
				CLANG_WARN_UNREACHABLE_CODE = YES;
				CLANG_WARN__DUPLICATE_METHOD_MATCH = YES;
				"CODE_SIGN_IDENTITY[sdk=iphoneos*]" = "iPhone Developer";
				COPY_PHASE_STRIP = YES;
				ENABLE_NS_ASSERTIONS = NO;
				ENABLE_STRICT_OBJC_MSGSEND = YES;
				GCC_C_LANGUAGE_STANDARD = gnu99;
				GCC_WARN_64_TO_32_BIT_CONVERSION = YES;
				GCC_WARN_ABOUT_RETURN_TYPE = YES_ERROR;
				GCC_WARN_UNDECLARED_SELECTOR = YES;
				GCC_WARN_UNINITIALIZED_AUTOS = YES_AGGRESSIVE;
				GCC_WARN_UNUSED_FUNCTION = YES;
				GCC_WARN_UNUSED_VARIABLE = YES;
				IPHONEOS_DEPLOYMENT_TARGET = 8.1;
				MTL_ENABLE_DEBUG_INFO = NO;
				SDKROOT = iphoneos;
				VALIDATE_PRODUCT = YES;
			};
			name = Release;
		};
		68F2E8571A2E5F7400D02114 /* Debug */ = {
			isa = XCBuildConfiguration;
			buildSettings = {
				ASSETCATALOG_COMPILER_APPICON_NAME = AppIcon;
				INFOPLIST_FILE = NixQuest/Info.plist;
				LD_RUNPATH_SEARCH_PATHS = "$(inherited) @executable_path/Frameworks";
				PRODUCT_NAME = "$(TARGET_NAME)";
			};
			name = Debug;
		};
		68F2E8581A2E5F7400D02114 /* Release */ = {
			isa = XCBuildConfiguration;
			buildSettings = {
				ASSETCATALOG_COMPILER_APPICON_NAME = AppIcon;
				INFOPLIST_FILE = NixQuest/Info.plist;
				LD_RUNPATH_SEARCH_PATHS = "$(inherited) @executable_path/Frameworks";
				PRODUCT_NAME = "$(TARGET_NAME)";
			};
			name = Release;
		};
		68F2E85A1A2E5F7400D02114 /* Debug */ = {
			isa = XCBuildConfiguration;
			buildSettings = {
				BUNDLE_LOADER = "$(TEST_HOST)";
				FRAMEWORK_SEARCH_PATHS = (
					"$(SDKROOT)/Developer/Library/Frameworks",
					"$(inherited)",
				);
				GCC_PREPROCESSOR_DEFINITIONS = (
					"DEBUG=1",
					"$(inherited)",
				);
				INFOPLIST_FILE = NixQuestTests/Info.plist;
				LD_RUNPATH_SEARCH_PATHS = "$(inherited) @executable_path/Frameworks @loader_path/Frameworks";
				PRODUCT_NAME = "$(TARGET_NAME)";
				TEST_HOST = "$(BUILT_PRODUCTS_DIR)/NixQuest.app/NixQuest";
			};
			name = Debug;
		};
		68F2E85B1A2E5F7400D02114 /* Release */ = {
			isa = XCBuildConfiguration;
			buildSettings = {
				BUNDLE_LOADER = "$(TEST_HOST)";
				FRAMEWORK_SEARCH_PATHS = (
					"$(SDKROOT)/Developer/Library/Frameworks",
					"$(inherited)",
				);
				INFOPLIST_FILE = NixQuestTests/Info.plist;
				LD_RUNPATH_SEARCH_PATHS = "$(inherited) @executable_path/Frameworks @loader_path/Frameworks";
				PRODUCT_NAME = "$(TARGET_NAME)";
				TEST_HOST = "$(BUILT_PRODUCTS_DIR)/NixQuest.app/NixQuest";
			};
			name = Release;
		};
/* End XCBuildConfiguration section */

/* Begin XCConfigurationList section */
		68F2E82B1A2E5F7300D02114 /* Build configuration list for PBXProject "NixQuest" */ = {
			isa = XCConfigurationList;
			buildConfigurations = (
				68F2E8541A2E5F7400D02114 /* Debug */,
				68F2E8551A2E5F7400D02114 /* Release */,
			);
			defaultConfigurationIsVisible = 0;
			defaultConfigurationName = Release;
		};
		68F2E8561A2E5F7400D02114 /* Build configuration list for PBXNativeTarget "NixQuest" */ = {
			isa = XCConfigurationList;
			buildConfigurations = (
				68F2E8571A2E5F7400D02114 /* Debug */,
				68F2E8581A2E5F7400D02114 /* Release */,
			);
			defaultConfigurationIsVisible = 0;
			defaultConfigurationName = Release;
		};
		68F2E8591A2E5F7400D02114 /* Build configuration list for PBXNativeTarget "NixQuestTests" */ = {
			isa = XCConfigurationList;
			buildConfigurations = (
				68F2E85A1A2E5F7400D02114 /* Debug */,
				68F2E85B1A2E5F7400D02114 /* Release */,
			);
			defaultConfigurationIsVisible = 0;
			defaultConfigurationName = Release;
		};
/* End XCConfigurationList section */

/* Begin XCVersionGroup section */
		68F2E83A1A2E5F7400D02114 /* NixQuest.xcdatamodeld */ = {
			isa = XCVersionGroup;
			children = (
				68F2E83B1A2E5F7400D02114 /* NixQuest.xcdatamodel */,
			);
			currentVersion = 68F2E83B1A2E5F7400D02114 /* NixQuest.xcdatamodel */;
			path = NixQuest.xcdatamodeld;
			sourceTree = "<group>";
			versionGroupType = wrapper.xcdatamodel;
		};
/* End XCVersionGroup section */
	};
	rootObject = 68F2E8281A2E5F7300D02114 /* Project object */;
}
